# THIS IS AN AUTOGENERATED FILE. DO NOT EDIT THIS FILE DIRECTLY.
# yarn lockfile v1


"imask@^6.4.3":
  "integrity" "sha512-aH2GHemGkr3cbRBfhogHMIx05eUxdHrZNlKTTLmz8VxpSopuHHJ8+85FsDlBVQqxPlDLhZuwj4lpHHWbLOdBSw=="
  "resolved" "https://registry.npmjs.org/imask/-/imask-6.4.3.tgz"
  "version" "6.4.3"
